
Microsoft Visual Studio Solution File, Format Version 12.00
# Visual Studio Version 16
VisualStudioVersion = 16.0.33529.622
MinimumVisualStudioVersion = 10.0.40219.1
Project("{FAE04EC0-301F-11D3-BF4B-00C04F79EFBC}") = "TestingActions", "TestingActions\TestingActions.csproj", "{4E267151-3BE9-4138-89FF-4D84A85E31D6}"
EndProject
Global
	GlobalSection(SolutionConfigurationPlatforms) = preSolution
		Debug|Any CPU = Debug|Any CPU
		Release|Any CPU = Release|Any CPU
	EndGlobalSection
	GlobalSection(ProjectConfigurationPlatforms) = postSolution
		{4E267151-3BE9-4138-89FF-4D84A85E31D6}.Debug|Any CPU.ActiveCfg = Debug|Any CPU
		{4E267151-3BE9-4138-89FF-4D84A85E31D6}.Debug|Any CPU.Build.0 = Debug|Any CPU
		{4E267151-3BE9-4138-89FF-4D84A85E31D6}.Release|Any CPU.ActiveCfg = Release|Any CPU
		{4E267151-3BE9-4138-89FF-4D84A85E31D6}.Release|Any CPU.Build.0 = Release|Any CPU
	EndGlobalSection
	GlobalSection(SolutionProperties) = preSolution
		HideSolutionNode = FALSE
	EndGlobalSection
	GlobalSection(ExtensibilityGlobals) = postSolution
		SolutionGuid = {AC981E69-03AE-4FD7-B53A-24EC38703CF3}
	EndGlobalSection
EndGlobal
